
Microsoft Visual Studio Solution File, Format Version 12.00
Project("{FAE04EC0-301F-11D3-BF4B-00C04F79EFBC}") = "Recipe.API", "Recipe.API\Recipe.API.csproj", "{56E372CF-C965-4354-ACE0-9B26E3ABD9CC}"
EndProject
Project("{FAE04EC0-301F-11D3-BF4B-00C04F79EFBC}") = "Recipe.Application", "Recipe.Application\Recipe.Application.csproj", "{1ED6A2A2-BED0-4758-B9D0-18F2631D2070}"
EndProject
Project("{FAE04EC0-301F-11D3-BF4B-00C04F79EFBC}") = "Recipe.Domain", "Recipe.Domain\Recipe.Domain.csproj", "{B6A52055-B925-4576-9B42-383B9F2B990A}"
EndProject
Project("{FAE04EC0-301F-11D3-BF4B-00C04F79EFBC}") = "Recipe.Infrastructure", "Recipe.Infrastructure\Recipe.Infrastructure.csproj", "{20C62026-8824-4EE2-8EBE-46570ACB29E1}"
EndProject
Project("{2150E333-8FDC-42A3-9474-1A3956D46DE8}") = "src", "src", "{A3AB2E40-35FF-458F-A938-85E44F67668D}"
EndProject
Project("{FAE04EC0-301F-11D3-BF4B-00C04F79EFBC}") = "Recipe.Tests", "Recipe.Tests\Recipe.Tests.csproj", "{5A9B42BA-7300-4485-A820-073F38EB86A9}"
EndProject
Global
	GlobalSection(SolutionConfigurationPlatforms) = preSolution
		Debug|Any CPU = Debug|Any CPU
		Release|Any CPU = Release|Any CPU
	EndGlobalSection
	GlobalSection(ProjectConfigurationPlatforms) = postSolution
		{56E372CF-C965-4354-ACE0-9B26E3ABD9CC}.Debug|Any CPU.ActiveCfg = Debug|Any CPU
		{56E372CF-C965-4354-ACE0-9B26E3ABD9CC}.Debug|Any CPU.Build.0 = Debug|Any CPU
		{56E372CF-C965-4354-ACE0-9B26E3ABD9CC}.Release|Any CPU.ActiveCfg = Release|Any CPU
		{56E372CF-C965-4354-ACE0-9B26E3ABD9CC}.Release|Any CPU.Build.0 = Release|Any CPU
		{1ED6A2A2-BED0-4758-B9D0-18F2631D2070}.Debug|Any CPU.ActiveCfg = Debug|Any CPU
		{1ED6A2A2-BED0-4758-B9D0-18F2631D2070}.Debug|Any CPU.Build.0 = Debug|Any CPU
		{1ED6A2A2-BED0-4758-B9D0-18F2631D2070}.Release|Any CPU.ActiveCfg = Release|Any CPU
		{1ED6A2A2-BED0-4758-B9D0-18F2631D2070}.Release|Any CPU.Build.0 = Release|Any CPU
		{B6A52055-B925-4576-9B42-383B9F2B990A}.Debug|Any CPU.ActiveCfg = Debug|Any CPU
		{B6A52055-B925-4576-9B42-383B9F2B990A}.Debug|Any CPU.Build.0 = Debug|Any CPU
		{B6A52055-B925-4576-9B42-383B9F2B990A}.Release|Any CPU.ActiveCfg = Release|Any CPU
		{B6A52055-B925-4576-9B42-383B9F2B990A}.Release|Any CPU.Build.0 = Release|Any CPU
		{20C62026-8824-4EE2-8EBE-46570ACB29E1}.Debug|Any CPU.ActiveCfg = Debug|Any CPU
		{20C62026-8824-4EE2-8EBE-46570ACB29E1}.Debug|Any CPU.Build.0 = Debug|Any CPU
		{20C62026-8824-4EE2-8EBE-46570ACB29E1}.Release|Any CPU.ActiveCfg = Release|Any CPU
		{20C62026-8824-4EE2-8EBE-46570ACB29E1}.Release|Any CPU.Build.0 = Release|Any CPU
		{5A9B42BA-7300-4485-A820-073F38EB86A9}.Debug|Any CPU.ActiveCfg = Debug|Any CPU
		{5A9B42BA-7300-4485-A820-073F38EB86A9}.Debug|Any CPU.Build.0 = Debug|Any CPU
		{5A9B42BA-7300-4485-A820-073F38EB86A9}.Release|Any CPU.ActiveCfg = Release|Any CPU
		{5A9B42BA-7300-4485-A820-073F38EB86A9}.Release|Any CPU.Build.0 = Release|Any CPU
	EndGlobalSection
	GlobalSection(NestedProjects) = preSolution
		{56E372CF-C965-4354-ACE0-9B26E3ABD9CC} = {A3AB2E40-35FF-458F-A938-85E44F67668D}
		{1ED6A2A2-BED0-4758-B9D0-18F2631D2070} = {A3AB2E40-35FF-458F-A938-85E44F67668D}
		{B6A52055-B925-4576-9B42-383B9F2B990A} = {A3AB2E40-35FF-458F-A938-85E44F67668D}
		{20C62026-8824-4EE2-8EBE-46570ACB29E1} = {A3AB2E40-35FF-458F-A938-85E44F67668D}
		{5A9B42BA-7300-4485-A820-073F38EB86A9} = {A3AB2E40-35FF-458F-A938-85E44F67668D}
	EndGlobalSection
EndGlobal
